
Microsoft Visual Studio Solution File, Format Version 12.00
# Visual Studio 15
VisualStudioVersion = 15.0.28010.2048
MinimumVisualStudioVersion = 10.0.40219.1
Project("{FAE04EC0-301F-11D3-BF4B-00C04F79EFBC}") = "BabysitterKata", "BabysitterKata\BabysitterKata.csproj", "{C08D5577-4AD7-46D0-A632-14DB89C7703A}"
EndProject
Global
	GlobalSection(SolutionConfigurationPlatforms) = preSolution
		Debug|Any CPU = Debug|Any CPU
		Release|Any CPU = Release|Any CPU
	EndGlobalSection
	GlobalSection(ProjectConfigurationPlatforms) = postSolution
		{C08D5577-4AD7-46D0-A632-14DB89C7703A}.Debug|Any CPU.ActiveCfg = Debug|Any CPU
		{C08D5577-4AD7-46D0-A632-14DB89C7703A}.Debug|Any CPU.Build.0 = Debug|Any CPU
		{C08D5577-4AD7-46D0-A632-14DB89C7703A}.Release|Any CPU.ActiveCfg = Release|Any CPU
		{C08D5577-4AD7-46D0-A632-14DB89C7703A}.Release|Any CPU.Build.0 = Release|Any CPU
	EndGlobalSection
	GlobalSection(SolutionProperties) = preSolution
		HideSolutionNode = FALSE
	EndGlobalSection
	GlobalSection(ExtensibilityGlobals) = postSolution
		SolutionGuid = {D2D2061A-5677-4A84-978B-3FDCCA718118}
	EndGlobalSection
EndGlobal
